
Microsoft Visual Studio Solution File, Format Version 12.00
# Visual Studio Version 16
VisualStudioVersion = 16.0.29306.81
MinimumVisualStudioVersion = 10.0.40219.1
Project("{FAE04EC0-301F-11D3-BF4B-00C04F79EFBC}") = "DiceRollingGame", "DiceRollingGame\DiceRollingGame.csproj", "{96E081BA-F7A4-4FF6-863A-06CC86CF06C0}"
EndProject
Global
	GlobalSection(SolutionConfigurationPlatforms) = preSolution
		Debug|Any CPU = Debug|Any CPU
		Release|Any CPU = Release|Any CPU
	EndGlobalSection
	GlobalSection(ProjectConfigurationPlatforms) = postSolution
		{96E081BA-F7A4-4FF6-863A-06CC86CF06C0}.Debug|Any CPU.ActiveCfg = Debug|Any CPU
		{96E081BA-F7A4-4FF6-863A-06CC86CF06C0}.Debug|Any CPU.Build.0 = Debug|Any CPU
		{96E081BA-F7A4-4FF6-863A-06CC86CF06C0}.Release|Any CPU.ActiveCfg = Release|Any CPU
		{96E081BA-F7A4-4FF6-863A-06CC86CF06C0}.Release|Any CPU.Build.0 = Release|Any CPU
	EndGlobalSection
	GlobalSection(SolutionProperties) = preSolution
		HideSolutionNode = FALSE
	EndGlobalSection
	GlobalSection(ExtensibilityGlobals) = postSolution
		SolutionGuid = {78640D2C-DC5B-459B-BEBF-8EAF662F649A}
	EndGlobalSection
EndGlobal
